{
    "hash": "c789ea1701f905bc71d09ccfa323f1a5",
    "packages": [

    ],
    "packages-dev": [
        {
            "package": "eloquent/asplode",
            "version": "1.0.4"
        },
        {
            "package": "eloquent/blox",
            "version": "1.2.0"
        },
        {
            "package": "eloquent/cosmos",
            "version": "1.0.1"
        },
        {
            "package": "eloquent/typhax",
            "version": "0.6.2"
        },
        {
            "package": "eloquent/typhoon",
            "version": "dev-master",
            "source-reference": "f6847481d2aa7e58b724fa3e37db1ddef0b25a91",
            "commit-date": "1346302205"
        },
        {
            "package": "icecave/isolator",
            "version": "2.1.0"
        },
        {
            "package": "icecave/visita",
            "version": "0.1.0"
        },
        {
            "package": "symfony/console",
            "version": "v2.0.17"
        }
    ],
    "aliases": [

    ],
    "minimum-stability": "stable",
    "stability-flags": {
        "eloquent/typhoon": 20
    }
}
