{
    "hash": "41383bc7a5088737795a875386b2ee21",
    "packages": [

    ],
    "packages-dev": [
        {
            "name": "eloquent/asplode",
            "version": "1.0.4",
            "source": {
                "type": "git",
                "url": "https://github.com/eloquent/asplode.git",
                "reference": "1.0.4"
            },
            "dist": {
                "type": "zip",
                "url": "https://github.com/eloquent/asplode/zipball/1.0.4",
                "reference": "1.0.4",
                "shasum": ""
            },
            "require": {
                "php": ">=5.3.0",
                "icecave/isolator": "2.*"
            },
            "require-dev": {
                "phake/phake": "1.*"
            },
            "time": "2012-08-06 01:24:33",
            "type": "library",
            "installation-source": "dist",
            "autoload": {
                "psr-0": {
                    "Eloquent\\Asplode": "src"
                }
            },
            "license": [
                "MIT"
            ],
            "authors": [
                {
                    "name": "Erin Millard",
                    "email": "ezzatron@gmail.com",
                    "homepage": "http://ezzatron.com/"
                }
            ],
            "description": "Drop-in exception-based error handling for PHP.",
            "homepage": "https://github.com/eloquent/asplode",
            "keywords": [
                "exception",
                "error",
                "handling",
                "handler",
                "errorexception",
                "fault",
                "failure"
            ]
        },
        {
            "name": "eloquent/blox",
            "version": "1.2.0",
            "source": {
                "type": "git",
                "url": "https://github.com/eloquent/blox.git",
                "reference": "1.2.0"
            },
            "dist": {
                "type": "zip",
                "url": "https://github.com/eloquent/blox/zipball/1.2.0",
                "reference": "1.2.0",
                "shasum": ""
            },
            "require": {
                "php": ">=5.3.0"
            },
            "require-dev": {
                "phake/phake": "1.*"
            },
            "time": "2012-08-05 06:40:35",
            "type": "library",
            "installation-source": "dist",
            "autoload": {
                "psr-0": {
                    "Eloquent\\Blox": "src"
                }
            },
            "license": [
                "MIT"
            ],
            "authors": [
                {
                    "name": "Erin Millard",
                    "email": "ezzatron@gmail.com",
                    "homepage": "http://ezzatron.com/"
                }
            ],
            "description": "A parser for block comment documentation.",
            "homepage": "https://github.com/eloquent/blox",
            "keywords": [
                "documentation",
                "phpdoc",
                "comment",
                "parser",
                "annotation",
                "block",
                "tag",
                "phpDocumentor",
                "docblock"
            ]
        },
        {
            "name": "eloquent/cosmos",
            "version": "1.0.1",
            "source": {
                "type": "git",
                "url": "git://github.com/eloquent/cosmos.git",
                "reference": "1.0.1"
            },
            "dist": {
                "type": "zip",
                "url": "https://github.com/eloquent/cosmos/zipball/1.0.1",
                "reference": "1.0.1",
                "shasum": ""
            },
            "require": {
                "php": ">=5.3.0"
            },
            "time": "2012-08-05 15:53:24",
            "type": "library",
            "installation-source": "dist",
            "autoload": {
                "psr-0": {
                    "Eloquent\\Cosmos": "src"
                }
            },
            "license": [
                "MIT"
            ],
            "authors": [
                {
                    "name": "Erin Millard",
                    "email": "ezzatron@gmail.com",
                    "homepage": "http://ezzatron.com/"
                }
            ],
            "description": "A class name resolver for PHP namespaces.",
            "homepage": "https://github.com/eloquent/cosmos",
            "keywords": [
                "php",
                "class",
                "resolver",
                "solver",
                "namespace",
                "name",
                "classname"
            ]
        },
        {
            "name": "eloquent/typhax",
            "version": "0.7.0",
            "source": {
                "type": "git",
                "url": "git://github.com/eloquent/typhax.git",
                "reference": "0.6.4"
            },
            "dist": {
                "type": "zip",
                "url": "https://github.com/eloquent/typhax/zipball/0.6.4",
                "reference": "0.6.4",
                "shasum": ""
            },
            "require": {
                "php": ">=5.3.0",
                "eloquent/cosmos": ">=1,<2",
                "icecave/visita": "0.1.*"
            },
            "require-dev": {
                "phake/phake": "1.*"
            },
            "time": "2012-09-09 03:17:35",
            "type": "library",
            "installation-source": "dist",
            "autoload": {
                "psr-0": {
                    "Eloquent\\Typhax": "src"
                }
            },
            "license": [
                "MIT"
            ],
            "authors": [
                {
                    "name": "Erin Millard",
                    "email": "ezzatron@gmail.com",
                    "homepage": "http://ezzatron.com/"
                }
            ],
            "description": "A flexible PHP type hinting syntax.",
            "homepage": "https://github.com/eloquent/typhax",
            "keywords": [
                "parser",
                "type",
                "hint",
                "hinting",
                "syntax",
                "check",
                "checking"
            ]
        },
        {
            "name": "eloquent/typhoon",
            "version": "0.4.0",
            "source": {
                "type": "git",
                "url": "git://github.com/eloquent/typhoon.git",
                "reference": "0.4.0"
            },
            "dist": {
                "type": "zip",
                "url": "https://github.com/eloquent/typhoon/zipball/0.4.0",
                "reference": "0.4.0",
                "shasum": ""
            },
            "require": {
                "php": ">=5.3.0",
                "eloquent/asplode": "1.*",
                "eloquent/blox": "1.*",
                "eloquent/cosmos": "1.*",
                "eloquent/typhax": ">=0.6",
                "icecave/isolator": ">=2.1,<3",
                "icecave/visita": "0.1.*",
                "symfony/console": "2.*"
            },
            "require-dev": {
                "phake/phake": "1.*",
                "eloquent/liberator": "1.*"
            },
            "suggest": {
                "ext-sockets": "*"
            },
            "time": "2012-08-22 16:50:32",
            "bin": [
                "bin/typhoon"
            ],
            "type": "library",
            "installation-source": "dist",
            "autoload": {
                "psr-0": {
                    "Eloquent\\Typhoon": "src",
                    "Typhoon": "src-deploy",
                    "Typhoon\\Eloquent\\Typhoon": "src-typhoon"
                }
            },
            "license": [
                "MIT"
            ],
            "authors": [
                {
                    "name": "Erin Millard",
                    "email": "ezzatron@gmail.com",
                    "homepage": "http://ezzatron.com/"
                }
            ],
            "description": "Simple, flexible type-checking for PHP.",
            "homepage": "https://github.com/eloquent/typhoon",
            "keywords": [
                "type",
                "hint",
                "hinting",
                "check",
                "checking"
            ]
        },
        {
            "name": "icecave/isolator",
            "version": "2.1.0",
            "source": {
                "type": "git",
                "url": "https://github.com/IcecaveStudios/isolator.git",
                "reference": "2.1.0"
            },
            "dist": {
                "type": "zip",
                "url": "https://github.com/IcecaveStudios/isolator/zipball/2.1.0",
                "reference": "2.1.0",
                "shasum": ""
            },
            "require": {
                "php": ">=5.3.0"
            },
            "require-dev": {
                "phake/phake": "1.*"
            },
            "time": "2012-08-12 10:37:39",
            "type": "library",
            "installation-source": "dist",
            "autoload": {
                "psr-0": {
                    "Icecave\\Isolator": "lib"
                }
            },
            "license": [
                "MIT"
            ],
            "authors": [
                {
                    "name": "James Harris",
                    "email": "james.harris@icecave.com.au"
                }
            ],
            "description": "Mock out calls to built-in PHP functions.",
            "homepage": "https://github.com/IcecaveStudios/isolator",
            "keywords": [
                "phpunit",
                "test",
                "mock",
                "fake",
                "unit",
                "phake"
            ]
        },
        {
            "name": "icecave/visita",
            "version": "0.1.0",
            "source": {
                "type": "git",
                "url": "https://github.com/IcecaveStudios/visita.git",
                "reference": "0.1.0"
            },
            "dist": {
                "type": "zip",
                "url": "https://github.com/IcecaveStudios/visita/zipball/0.1.0",
                "reference": "0.1.0",
                "shasum": ""
            },
            "require": {
                "php": ">=5.3.0"
            },
            "require-dev": {
                "phake/phake": "1.*"
            },
            "time": "2012-08-05 06:35:23",
            "type": "library",
            "installation-source": "dist",
            "autoload": {
                "psr-0": {
                    "Icecave\\Visita": "lib"
                }
            },
            "license": [
                "MIT"
            ],
            "authors": [
                {
                    "name": "James Harris",
                    "email": "james.harris@icecave.com.au"
                }
            ],
            "description": "A PHP library for assisting with visitor pattern implementations.",
            "homepage": "https://github.com/IcecaveStudios/visita",
            "keywords": [
                "pattern",
                "design",
                "visitor"
            ]
        },
        {
            "name": "symfony/console",
            "version": "v2.1.2",
            "target-dir": "Symfony/Component/Console",
            "source": {
                "type": "git",
                "url": "https://github.com/symfony/Console",
                "reference": "v2.1.0-RC2"
            },
            "dist": {
                "type": "zip",
                "url": "https://github.com/symfony/Console/zipball/v2.1.0-RC2",
                "reference": "v2.1.0-RC2",
                "shasum": ""
            },
            "require": {
                "php": ">=5.3.3"
            },
            "time": "2012-08-22 13:48:41",
            "type": "library",
            "extra": {
                "branch-alias": {
                    "dev-master": "2.1-dev"
                }
            },
            "installation-source": "dist",
            "autoload": {
                "psr-0": {
                    "Symfony\\Component\\Console": ""
                }
            },
            "license": [
                "MIT"
            ],
            "authors": [
                {
                    "name": "Fabien Potencier",
                    "email": "fabien@symfony.com"
                },
                {
                    "name": "Symfony Community",
                    "homepage": "http://symfony.com/contributors"
                }
            ],
            "description": "Symfony Console Component",
            "homepage": "http://symfony.com"
        }
    ],
    "aliases": [

    ],
    "minimum-stability": "stable",
    "stability-flags": [

    ]
}
